
Microsoft Visual Studio Solution File, Format Version 12.00
# Visual Studio Version 16
VisualStudioVersion = 16.0.31729.503
MinimumVisualStudioVersion = 10.0.40219.1
Project("{FAE04EC0-301F-11D3-BF4B-00C04F79EFBC}") = "NetworkChat", "NetworkChat\NetworkChat.csproj", "{E897B2E4-DE2E-495B-952D-1A749E10E79D}"
EndProject
Global
	GlobalSection(SolutionConfigurationPlatforms) = preSolution
		Debug|Any CPU = Debug|Any CPU
		Release|Any CPU = Release|Any CPU
	EndGlobalSection
	GlobalSection(ProjectConfigurationPlatforms) = postSolution
		{E897B2E4-DE2E-495B-952D-1A749E10E79D}.Debug|Any CPU.ActiveCfg = Debug|Any CPU
		{E897B2E4-DE2E-495B-952D-1A749E10E79D}.Debug|Any CPU.Build.0 = Debug|Any CPU
		{E897B2E4-DE2E-495B-952D-1A749E10E79D}.Release|Any CPU.ActiveCfg = Release|Any CPU
		{E897B2E4-DE2E-495B-952D-1A749E10E79D}.Release|Any CPU.Build.0 = Release|Any CPU
	EndGlobalSection
	GlobalSection(SolutionProperties) = preSolution
		HideSolutionNode = FALSE
	EndGlobalSection
	GlobalSection(ExtensibilityGlobals) = postSolution
		SolutionGuid = {3B988BDF-DEC9-43AE-BB3D-E00F513A2D66}
	EndGlobalSection
EndGlobal
